version = 1
requires-python = ">=3.10"

[[package]]
name = "mysql-connector-python"
version = "9.1.0"
source = { registry = "https://pypi.org/simple" }
sdist = { url = "https://files.pythonhosted.org/packages/d7/c7/d7adba0a87d34c56ce2e8c35f9965df860a087a03e9651039f7916abd483/mysql-connector-python-9.1.0.tar.gz", hash = "sha256:346261a2aeb743a39cf66ba8bde5e45931d313b76ce0946a69a6d1187ec7d279", size = 307529 }
wheels = [
    { url = "https://files.pythonhosted.org/packages/89/15/7443b55cd9a1c8767927c2ae876792f27332eac6499ae1f80cdbef48374c/mysql_connector_python-9.1.0-cp310-cp310-macosx_13_0_arm64.whl", hash = "sha256:dcdcf380d07b9ca6f18a95e9516a6185f2ab31a53d290d5e698e77e59c043c9e", size = 15141195 },
    { url = "https://files.pythonhosted.org/packages/93/e6/83babb0ac562a9ce6e77d9c586b4be7f2a7c0eded68dc696adb9ba6b8271/mysql_connector_python-9.1.0-cp310-cp310-macosx_13_0_x86_64.whl", hash = "sha256:948ef0c7da87901176d4320e0f40a3277ee06fe6f58ce151c1e60d8d50fdeaf4", size = 15967062 },
    { url = "https://files.pythonhosted.org/packages/07/40/8b8fbd3456eda383bf97d978199063f9863385dd7d5ded17dd5f599c21cc/mysql_connector_python-9.1.0-cp310-cp310-manylinux_2_28_aarch64.whl", hash = "sha256:abf16fc1155ebeba5558e5702dd7210d634ac8da484eca05a640b68a548dc7cf", size = 34059455 },
    { url = "https://files.pythonhosted.org/packages/7f/9d/ba254f813732c3dbf28c86551fdb678d8540c8352259fe45a48b317c09d8/mysql_connector_python-9.1.0-cp310-cp310-manylinux_2_28_x86_64.whl", hash = "sha256:aceaab679b852c0a2ec0eed9eb2a490171b3493484f1881b605cbf2f9c5fde6d", size = 34403611 },
    { url = "https://files.pythonhosted.org/packages/1c/1b/363d43a8f6009a5242eb0baf2e4a0e76f7e5696a47e8e23e883bd9d9004d/mysql_connector_python-9.1.0-cp310-cp310-win_amd64.whl", hash = "sha256:72dcce5f2e4f5910d65f02eb318c1e4622464da007a3ae5e9ccd64169d8efac3", size = 16060123 },
    { url = "https://files.pythonhosted.org/packages/e2/a1/d3bfa896437f32d8fc114881f9ce49fd6bb3195c390557f260c7d4d56f9e/mysql_connector_python-9.1.0-cp311-cp311-macosx_13_0_arm64.whl", hash = "sha256:9b23a8e2acee91b5120febe00c53e7f472b9b6d49618e39fa1af86cdc1f0ade8", size = 15141174 },
    { url = "https://files.pythonhosted.org/packages/fc/30/aecd4f33a76d9a3f0f40bad5870dfd790bf596feb3ce3a337f7febe183b4/mysql_connector_python-9.1.0-cp311-cp311-macosx_13_0_x86_64.whl", hash = "sha256:e15153cb8ab5fcec00b99077de536489d22d4809fc28f633850398fef0560b1f", size = 15967071 },
    { url = "https://files.pythonhosted.org/packages/62/de/1ead6a3017196193cf56f95c7e47315769631c60441518afd5e5fb6c35d5/mysql_connector_python-9.1.0-cp311-cp311-manylinux_2_28_aarch64.whl", hash = "sha256:fec943d333851c4b5e57cd0b04dde36e6817f0d4d62b2a58ce028a82be444866", size = 34064551 },
    { url = "https://files.pythonhosted.org/packages/c6/f8/e1ac70ac448447a688187333432ae4129345d150f11ce84b4f7b26e866d1/mysql_connector_python-9.1.0-cp311-cp311-manylinux_2_28_x86_64.whl", hash = "sha256:c36a9b9ebf9587aaa5d7928468fefe8faf6fc993a03cb242bb160ede9cf75b2d", size = 34412027 },
    { url = "https://files.pythonhosted.org/packages/54/15/98d703a1101e0bfb106e4085f41f937ddca869d16746c076fb818b6f883d/mysql_connector_python-9.1.0-cp311-cp311-win_amd64.whl", hash = "sha256:7b2eb48518b8c2bc9636883d264b291e5c93824fc6b61823ca9cf396a09474ad", size = 16059302 },
    { url = "https://files.pythonhosted.org/packages/b0/76/4b28bf024ba99a05cba78745e231e24f6d2a9b63a1cfeba7c36a69cbd077/mysql_connector_python-9.1.0-cp312-cp312-macosx_13_0_arm64.whl", hash = "sha256:f67b22e3eaf5b03ffac97232d3dd67b56abcacad907ad4391c847bad5ba58f0e", size = 15141453 },
    { url = "https://files.pythonhosted.org/packages/58/38/0fb13631332a59509eb7725a87b90dfd811bf82d7257d34484346a87f937/mysql_connector_python-9.1.0-cp312-cp312-macosx_13_0_x86_64.whl", hash = "sha256:c75f674a52b8820c90d466183b2bb59f89bcf09d17ebe9b391313d89565c8896", size = 15967485 },
    { url = "https://files.pythonhosted.org/packages/d6/bf/3973681fc3714c8b4372903997ca50e9cce9eb489f0fdfce415be4cf70a5/mysql_connector_python-9.1.0-cp312-cp312-manylinux_2_28_aarch64.whl", hash = "sha256:e75ecb3df2c2cbe4d92d5dd58a318fa708edebc0fa2d850fc2a9d42481dbb808", size = 34065410 },
    { url = "https://files.pythonhosted.org/packages/61/a6/a322e8a7dd8daf6a2006828d4848d0b33fb627703635ee23b2278033c50b/mysql_connector_python-9.1.0-cp312-cp312-manylinux_2_28_x86_64.whl", hash = "sha256:7d99c0a841a2c2a0e4d5b28376c1bfac794ec3821b66eb6fa2f7702cec820ee8", size = 34412287 },
    { url = "https://files.pythonhosted.org/packages/4e/81/a4f21984691021749888aadc41f27b4c393884fa1d163c64979d408cf795/mysql_connector_python-9.1.0-cp312-cp312-win_amd64.whl", hash = "sha256:30a8f0ba84f8adf15a4877e80b3f97f786ce35616d918b9310578a2bd22952d5", size = 16059360 },
    { url = "https://files.pythonhosted.org/packages/39/e5/4f08a4a7f574f5700b3118c084085c6d977ba06941c8837e89e25dc1c5d3/mysql_connector_python-9.1.0-cp313-cp313-macosx_13_0_arm64.whl", hash = "sha256:d627ebafc0327b935d8783454e7a4b5c32324ed39a2a1589239490ab850bf7d7", size = 15141401 },
    { url = "https://files.pythonhosted.org/packages/c4/dc/b39956f85ba4fd89abfcce0dbb00e65cc22a193fa2e95c7816acee6009eb/mysql_connector_python-9.1.0-cp313-cp313-macosx_13_0_x86_64.whl", hash = "sha256:e26a08a9500407fa8f4a6504f7077d1312bec4fa52cb0a58c1ad324ca1f3eeaa", size = 15967428 },
    { url = "https://files.pythonhosted.org/packages/6c/f2/98ecd7fdca742deeda783b9ac3c5a7a57fd2e2fccbb920308eb2f2a962af/mysql_connector_python-9.1.0-cp313-cp313-manylinux_2_28_aarch64.whl", hash = "sha256:109e17a4ada1442e3881a51e2bbabcb336ad229a619ac61e9ad24bd6b9b117bd", size = 34065528 },
    { url = "https://files.pythonhosted.org/packages/93/db/4d1e501f5eeb4e43aed8b622139d2350cfa049aaf2f8c5662fe0ba446f04/mysql_connector_python-9.1.0-cp313-cp313-manylinux_2_28_x86_64.whl", hash = "sha256:4f102452c64332b7e042fa37b84d4f15332bd639e479d15035f2a005fb9fbb34", size = 34412450 },
    { url = "https://files.pythonhosted.org/packages/1e/fc/62adbf3495c0e6a7d0a7cdf9a9276651dd8f2f31fda98b8283172fae9736/mysql_connector_python-9.1.0-cp313-cp313-win_amd64.whl", hash = "sha256:25e261f3260ec798c48cb910862a299e565548a1b5421dec84315ddbc9ef28c4", size = 16059353 },
    { url = "https://files.pythonhosted.org/packages/ac/7e/5546cf19c8d0724e962e8be1a5d1e7491f634df550bf9da073fb6c2b93a1/mysql_connector_python-9.1.0-py2.py3-none-any.whl", hash = "sha256:dacf1aa84dc7dd8ae908626c3ae50fce956d0105130c7465fd248a4f035d50b1", size = 381081 },
]

[[package]]
name = "poo-proyecto"
version = "0.1.0"
source = { virtual = "." }
dependencies = [
    { name = "mysql-connector-python" },
    { name = "python-dotenv" },
]

[package.metadata]
requires-dist = [
    { name = "mysql-connector-python", specifier = ">=9.1.0" },
    { name = "python-dotenv", specifier = ">=1.0.1" },
]

[[package]]
name = "python-dotenv"
version = "1.0.1"
source = { registry = "https://pypi.org/simple" }
sdist = { url = "https://files.pythonhosted.org/packages/bc/57/e84d88dfe0aec03b7a2d4327012c1627ab5f03652216c63d49846d7a6c58/python-dotenv-1.0.1.tar.gz", hash = "sha256:e324ee90a023d808f1959c46bcbc04446a10ced277783dc6ee09987c37ec10ca", size = 39115 }
wheels = [
    { url = "https://files.pythonhosted.org/packages/6a/3e/b68c118422ec867fa7ab88444e1274aa40681c606d59ac27de5a5588f082/python_dotenv-1.0.1-py3-none-any.whl", hash = "sha256:f7b63ef50f1b690dddf550d03497b66d609393b40b564ed0d674909a68ebf16a", size = 19863 },
]
