version = 1
requires-python = ">=3.10"

[[package]]
name = "mysql"
version = "0.0.3"
source = { registry = "https://pypi.org/simple" }
dependencies = [
    { name = "mysqlclient" },
]
sdist = { url = "https://files.pythonhosted.org/packages/8d/3c/943f6734849a6aed97d83af689ce7096927b52465df7bccfbcb45a7e7d14/mysql-0.0.3.tar.gz", hash = "sha256:fd7bae7d7301ce7cd3932e5ff7f77bbc8e34872108252866e08d16d6b8e8de8c", size = 2037 }
wheels = [
    { url = "https://files.pythonhosted.org/packages/9a/52/8d29c58f6ae448a72fbc612955bd31accb930ca479a7ba7197f4ae4edec2/mysql-0.0.3-py3-none-any.whl", hash = "sha256:8893cb143a5ac525c49ef358a23b8a0dc9721a95646f7bab6ca2f384c18a6a9a", size = 1237 },
]

[[package]]
name = "mysqlclient"
version = "2.2.6"
source = { registry = "https://pypi.org/simple" }
sdist = { url = "https://files.pythonhosted.org/packages/7d/62/51fbcd851834c830c940ded80280f593bd031137603329dd89479c68c5be/mysqlclient-2.2.6.tar.gz", hash = "sha256:c0b46d9b78b461dbb62482089ca8040fa916595b1b30f831ebbd1b0a82b43d53", size = 91055 }
wheels = [
    { url = "https://files.pythonhosted.org/packages/1a/04/f4e68d1a71b53ad81ac21e37729c1fcf38be46b88e3d47ab315e36abace0/mysqlclient-2.2.6-cp310-cp310-win_amd64.whl", hash = "sha256:e94a92858203d97fd584bdb6d7ee8c56f2590db8d77fd44215c0dcf5e739bc37", size = 207533 },
    { url = "https://files.pythonhosted.org/packages/e2/f6/3ac198c2633dc49de56b4631353e7a8b241fbda77bddb635c0b2ae57b9e3/mysqlclient-2.2.6-cp311-cp311-win_amd64.whl", hash = "sha256:43c5b30be0675080b9c815f457d73397f0442173e7be83d089b126835e2617ae", size = 207532 },
    { url = "https://files.pythonhosted.org/packages/f2/e0/d4806d4970136047ba247ad738d8d9e19655f114a91326fc790d86f4234e/mysqlclient-2.2.6-cp312-cp312-win_amd64.whl", hash = "sha256:e940b41d85dfd7b190fa47d52f525f878cfa203d4653bf6a35b271b3c3be125b", size = 207811 },
    { url = "https://files.pythonhosted.org/packages/7f/92/9d67ec977119abf692429751b6ce5b84baef33cded260768d813e742be08/mysqlclient-2.2.6-cp313-cp313-win_amd64.whl", hash = "sha256:794857bce4f9a1903a99786dd29ad7887f45a870b3d11585b8c51c4a753c4174", size = 207806 },
    { url = "https://files.pythonhosted.org/packages/db/b4/64d6a3b1e0c7d58dfce962595add65cd0fa181db2c2ecc524cc4c8f7c168/mysqlclient-2.2.6-pp310-pypy310_pp73-win_amd64.whl", hash = "sha256:f3efb849d6f7ef4b9788a0eda2e896b975e0ebf1d6bf3dcabea63fd698e5b0b5", size = 207576 },
]

[[package]]
name = "poo-proyecto"
version = "0.1.0"
source = { virtual = "." }
dependencies = [
    { name = "mysql" },
]

[package.metadata]
requires-dist = [{ name = "mysql", specifier = ">=0.0.3" }]
